// !$*UTF8*$!
{
	archiveVersion = 1;
	classes = {
	};
	objectVersion = 46;
	objects = {

/* Begin PBXBuildFile section */
		01ADFB3B472881797068F42D /* Pods_FbLogin.framework in Frameworks */ = {isa = PBXBuildFile; fileRef = 78792C28BD68260A0F26D55E /* Pods_FbLogin.framework */; };
		D60423521E640B1B00F1FA7F /* AppDelegate.swift in Sources */ = {isa = PBXBuildFile; fileRef = D60423511E640B1B00F1FA7F /* AppDelegate.swift */; };
		D60423541E640B1B00F1FA7F /* ViewController.swift in Sources */ = {isa = PBXBuildFile; fileRef = D60423531E640B1B00F1FA7F /* ViewController.swift */; };
		D60423571E640B1B00F1FA7F /* Main.storyboard in Resources */ = {isa = PBXBuildFile; fileRef = D60423551E640B1B00F1FA7F /* Main.storyboard */; };
		D604235A1E640B1B00F1FA7F /* FbLogin.xcdatamodeld in Sources */ = {isa = PBXBuildFile; fileRef = D60423581E640B1B00F1FA7F /* FbLogin.xcdatamodeld */; };
		D604235C1E640B1B00F1FA7F /* Assets.xcassets in Resources */ = {isa = PBXBuildFile; fileRef = D604235B1E640B1B00F1FA7F /* Assets.xcassets */; };
		D604235F1E640B1B00F1FA7F /* LaunchScreen.storyboard in Resources */ = {isa = PBXBuildFile; fileRef = D604235D1E640B1B00F1FA7F /* LaunchScreen.storyboard */; };
/* End PBXBuildFile section */

/* Begin PBXFileReference section */
		6DF4BE62C6B6B356F3283847 /* Pods-FbLogin.debug.xcconfig */ = {isa = PBXFileReference; includeInIndex = 1; lastKnownFileType = text.xcconfig; name = "Pods-FbLogin.debug.xcconfig"; path = "Pods/Target Support Files/Pods-FbLogin/Pods-FbLogin.debug.xcconfig"; sourceTree = "<group>"; };
		78792C28BD68260A0F26D55E /* Pods_FbLogin.framework */ = {isa = PBXFileReference; explicitFileType = wrapper.framework; includeInIndex = 0; path = Pods_FbLogin.framework; sourceTree = BUILT_PRODUCTS_DIR; };
		C27334728DB5B6397F793BA3 /* Pods-FbLogin.release.xcconfig */ = {isa = PBXFileReference; includeInIndex = 1; lastKnownFileType = text.xcconfig; name = "Pods-FbLogin.release.xcconfig"; path = "Pods/Target Support Files/Pods-FbLogin/Pods-FbLogin.release.xcconfig"; sourceTree = "<group>"; };
		D604234E1E640B1B00F1FA7F /* FbLogin.app */ = {isa = PBXFileReference; explicitFileType = wrapper.application; includeInIndex = 0; path = FbLogin.app; sourceTree = BUILT_PRODUCTS_DIR; };
		D60423511E640B1B00F1FA7F /* AppDelegate.swift */ = {isa = PBXFileReference; lastKnownFileType = sourcecode.swift; path = AppDelegate.swift; sourceTree = "<group>"; };
		D60423531E640B1B00F1FA7F /* ViewController.swift */ = {isa = PBXFileReference; lastKnownFileType = sourcecode.swift; path = ViewController.swift; sourceTree = "<group>"; };
		D60423561E640B1B00F1FA7F /* Base */ = {isa = PBXFileReference; lastKnownFileType = file.storyboard; name = Base; path = Base.lproj/Main.storyboard; sourceTree = "<group>"; };
		D60423591E640B1B00F1FA7F /* FbLogin.xcdatamodel */ = {isa = PBXFileReference; lastKnownFileType = wrapper.xcdatamodel; path = FbLogin.xcdatamodel; sourceTree = "<group>"; };
		D604235B1E640B1B00F1FA7F /* Assets.xcassets */ = {isa = PBXFileReference; lastKnownFileType = folder.assetcatalog; path = Assets.xcassets; sourceTree = "<group>"; };
		D604235E1E640B1B00F1FA7F /* Base */ = {isa = PBXFileReference; lastKnownFileType = file.storyboard; name = Base; path = Base.lproj/LaunchScreen.storyboard; sourceTree = "<group>"; };
		D60423601E640B1B00F1FA7F /* Info.plist */ = {isa = PBXFileReference; lastKnownFileType = text.plist.xml; path = Info.plist; sourceTree = "<group>"; };
/* End PBXFileReference section */

/* Begin PBXFrameworksBuildPhase section */
		D604234B1E640B1B00F1FA7F /* Frameworks */ = {
			isa = PBXFrameworksBuildPhase;
			buildActionMask = 2147483647;
			files = (
				01ADFB3B472881797068F42D /* Pods_FbLogin.framework in Frameworks */,
			);
			runOnlyForDeploymentPostprocessing = 0;
		};
/* End PBXFrameworksBuildPhase section */

/* Begin PBXGroup section */
		77B887BAAE6BAA0E89AE43DC /* Pods */ = {
			isa = PBXGroup;
			children = (
				6DF4BE62C6B6B356F3283847 /* Pods-FbLogin.debug.xcconfig */,
				C27334728DB5B6397F793BA3 /* Pods-FbLogin.release.xcconfig */,
			);
			name = Pods;
			sourceTree = "<group>";
		};
		D60423451E640B1B00F1FA7F = {
			isa = PBXGroup;
			children = (
				D60423501E640B1B00F1FA7F /* FbLogin */,
				D604234F1E640B1B00F1FA7F /* Products */,
				77B887BAAE6BAA0E89AE43DC /* Pods */,
				FB3DDBFBD3568A4543BD304A /* Frameworks */,
			);
			sourceTree = "<group>";
		};
		D604234F1E640B1B00F1FA7F /* Products */ = {
			isa = PBXGroup;
			children = (
				D604234E1E640B1B00F1FA7F /* FbLogin.app */,
			);
			name = Products;
			sourceTree = "<group>";
		};
		D60423501E640B1B00F1FA7F /* FbLogin */ = {
			isa = PBXGroup;
			children = (
				D60423511E640B1B00F1FA7F /* AppDelegate.swift */,
				D60423531E640B1B00F1FA7F /* ViewController.swift */,
				D60423551E640B1B00F1FA7F /* Main.storyboard */,
				D604235B1E640B1B00F1FA7F /* Assets.xcassets */,
				D604235D1E640B1B00F1FA7F /* LaunchScreen.storyboard */,
				D60423601E640B1B00F1FA7F /* Info.plist */,
				D60423581E640B1B00F1FA7F /* FbLogin.xcdatamodeld */,
			);
			path = FbLogin;
			sourceTree = "<group>";
		};
		FB3DDBFBD3568A4543BD304A /* Frameworks */ = {
			isa = PBXGroup;
			children = (
				78792C28BD68260A0F26D55E /* Pods_FbLogin.framework */,
			);
			name = Frameworks;
			sourceTree = "<group>";
		};
/* End PBXGroup section */

/* Begin PBXNativeTarget section */
		D604234D1E640B1B00F1FA7F /* FbLogin */ = {
			isa = PBXNativeTarget;
			buildConfigurationList = D60423631E640B1B00F1FA7F /* Build configuration list for PBXNativeTarget "FbLogin" */;
			buildPhases = (
				694C113157564B35F24CB7E5 /* [CP] Check Pods Manifest.lock */,
				D604234A1E640B1B00F1FA7F /* Sources */,
				D604234B1E640B1B00F1FA7F /* Frameworks */,
				D604234C1E640B1B00F1FA7F /* Resources */,
				2DD853C377DCCC1B6087B017 /* [CP] Embed Pods Frameworks */,
				E33509F46A41F8DF90BFC921 /* [CP] Copy Pods Resources */,
			);
			buildRules = (
			);
			dependencies = (
			);
			name = FbLogin;
			productName = FbLogin;
			productReference = D604234E1E640B1B00F1FA7F /* FbLogin.app */;
			productType = "com.apple.product-type.application";
		};
/* End PBXNativeTarget section */

/* Begin PBXProject section */
		D60423461E640B1B00F1FA7F /* Project object */ = {
			isa = PBXProject;
			attributes = {
				LastSwiftUpdateCheck = 0820;
				LastUpgradeCheck = 0820;
				ORGANIZATIONNAME = appinventiv;
				TargetAttributes = {
					D604234D1E640B1B00F1FA7F = {
						CreatedOnToolsVersion = 8.2.1;
						ProvisioningStyle = Automatic;
					};
				};
			};
			buildConfigurationList = D60423491E640B1B00F1FA7F /* Build configuration list for PBXProject "FbLogin" */;
			compatibilityVersion = "Xcode 3.2";
			developmentRegion = English;
			hasScannedForEncodings = 0;
			knownRegions = (
				en,
				Base,
			);
			mainGroup = D60423451E640B1B00F1FA7F;
			productRefGroup = D604234F1E640B1B00F1FA7F /* Products */;
			projectDirPath = "";
			projectRoot = "";
			targets = (
				D604234D1E640B1B00F1FA7F /* FbLogin */,
			);
		};
/* End PBXProject section */

/* Begin PBXResourcesBuildPhase section */
		D604234C1E640B1B00F1FA7F /* Resources */ = {
			isa = PBXResourcesBuildPhase;
			buildActionMask = 2147483647;
			files = (
				D604235F1E640B1B00F1FA7F /* LaunchScreen.storyboard in Resources */,
				D604235C1E640B1B00F1FA7F /* Assets.xcassets in Resources */,
				D60423571E640B1B00F1FA7F /* Main.storyboard in Resources */,
			);
			runOnlyForDeploymentPostprocessing = 0;
		};
/* End PBXResourcesBuildPhase section */

/* Begin PBXShellScriptBuildPhase section */
		2DD853C377DCCC1B6087B017 /* [CP] Embed Pods Frameworks */ = {
			isa = PBXShellScriptBuildPhase;
			buildActionMask = 2147483647;
			files = (
			);
			inputPaths = (
			);
			name = "[CP] Embed Pods Frameworks";
			outputPaths = (
			);
			runOnlyForDeploymentPostprocessing = 0;
			shellPath = /bin/sh;
			shellScript = "\"${SRCROOT}/Pods/Target Support Files/Pods-FbLogin/Pods-FbLogin-frameworks.sh\"\n";
			showEnvVarsInLog = 0;
		};
		694C113157564B35F24CB7E5 /* [CP] Check Pods Manifest.lock */ = {
			isa = PBXShellScriptBuildPhase;
			buildActionMask = 2147483647;
			files = (
			);
			inputPaths = (
			);
			name = "[CP] Check Pods Manifest.lock";
			outputPaths = (
			);
			runOnlyForDeploymentPostprocessing = 0;
			shellPath = /bin/sh;
			shellScript = "diff \"${PODS_ROOT}/../Podfile.lock\" \"${PODS_ROOT}/Manifest.lock\" > /dev/null\nif [ $? != 0 ] ; then\n    # print error to STDERR\n    echo \"error: The sandbox is not in sync with the Podfile.lock. Run 'pod install' or update your CocoaPods installation.\" >&2\n    exit 1\nfi\n";
			showEnvVarsInLog = 0;
		};
		E33509F46A41F8DF90BFC921 /* [CP] Copy Pods Resources */ = {
			isa = PBXShellScriptBuildPhase;
			buildActionMask = 2147483647;
			files = (
			);
			inputPaths = (
			);
			name = "[CP] Copy Pods Resources";
			outputPaths = (
			);
			runOnlyForDeploymentPostprocessing = 0;
			shellPath = /bin/sh;
			shellScript = "\"${SRCROOT}/Pods/Target Support Files/Pods-FbLogin/Pods-FbLogin-resources.sh\"\n";
			showEnvVarsInLog = 0;
		};
/* End PBXShellScriptBuildPhase section */

/* Begin PBXSourcesBuildPhase section */
		D604234A1E640B1B00F1FA7F /* Sources */ = {
			isa = PBXSourcesBuildPhase;
			buildActionMask = 2147483647;
			files = (
				D60423541E640B1B00F1FA7F /* ViewController.swift in Sources */,
				D604235A1E640B1B00F1FA7F /* FbLogin.xcdatamodeld in Sources */,
				D60423521E640B1B00F1FA7F /* AppDelegate.swift in Sources */,
			);
			runOnlyForDeploymentPostprocessing = 0;
		};
/* End PBXSourcesBuildPhase section */

/* Begin PBXVariantGroup section */
		D60423551E640B1B00F1FA7F /* Main.storyboard */ = {
			isa = PBXVariantGroup;
			children = (
				D60423561E640B1B00F1FA7F /* Base */,
			);
			name = Main.storyboard;
			sourceTree = "<group>";
		};
		D604235D1E640B1B00F1FA7F /* LaunchScreen.storyboard */ = {
			isa = PBXVariantGroup;
			children = (
				D604235E1E640B1B00F1FA7F /* Base */,
			);
			name = LaunchScreen.storyboard;
			sourceTree = "<group>";
		};
/* End PBXVariantGroup section */

/* Begin XCBuildConfiguration section */
		D60423611E640B1B00F1FA7F /* Debug */ = {
			isa = XCBuildConfiguration;
			buildSettings = {
				ALWAYS_SEARCH_USER_PATHS = NO;
				CLANG_ANALYZER_NONNULL = YES;
				CLANG_CXX_LANGUAGE_STANDARD = "gnu++0x";
				CLANG_CXX_LIBRARY = "libc++";
				CLANG_ENABLE_MODULES = YES;
				CLANG_ENABLE_OBJC_ARC = YES;
				CLANG_WARN_BOOL_CONVERSION = YES;
				CLANG_WARN_CONSTANT_CONVERSION = YES;
				CLANG_WARN_DIRECT_OBJC_ISA_USAGE = YES_ERROR;
				CLANG_WARN_DOCUMENTATION_COMMENTS = YES;
				CLANG_WARN_EMPTY_BODY = YES;
				CLANG_WARN_ENUM_CONVERSION = YES;
				CLANG_WARN_INFINITE_RECURSION = YES;
				CLANG_WARN_INT_CONVERSION = YES;
				CLANG_WARN_OBJC_ROOT_CLASS = YES_ERROR;
				CLANG_WARN_SUSPICIOUS_MOVE = YES;
				CLANG_WARN_UNREACHABLE_CODE = YES;
				CLANG_WARN__DUPLICATE_METHOD_MATCH = YES;
				"CODE_SIGN_IDENTITY[sdk=iphoneos*]" = "iPhone Developer";
				COPY_PHASE_STRIP = NO;
				DEBUG_INFORMATION_FORMAT = dwarf;
				ENABLE_STRICT_OBJC_MSGSEND = YES;
				ENABLE_TESTABILITY = YES;
				GCC_C_LANGUAGE_STANDARD = gnu99;
				GCC_DYNAMIC_NO_PIC = NO;
				GCC_NO_COMMON_BLOCKS = YES;
				GCC_OPTIMIZATION_LEVEL = 0;
				GCC_PREPROCESSOR_DEFINITIONS = (
					"DEBUG=1",
					"$(inherited)",
				);
				GCC_WARN_64_TO_32_BIT_CONVERSION = YES;
				GCC_WARN_ABOUT_RETURN_TYPE = YES_ERROR;
				GCC_WARN_UNDECLARED_SELECTOR = YES;
				GCC_WARN_UNINITIALIZED_AUTOS = YES_AGGRESSIVE;
				GCC_WARN_UNUSED_FUNCTION = YES;
				GCC_WARN_UNUSED_VARIABLE = YES;
				IPHONEOS_DEPLOYMENT_TARGET = 10.2;
				MTL_ENABLE_DEBUG_INFO = YES;
				ONLY_ACTIVE_ARCH = YES;
				SDKROOT = iphoneos;
				SWIFT_ACTIVE_COMPILATION_CONDITIONS = DEBUG;
				SWIFT_OPTIMIZATION_LEVEL = "-Onone";
				TARGETED_DEVICE_FAMILY = "1,2";
			};
			name = Debug;
		};
		D60423621E640B1B00F1FA7F /* Release */ = {
			isa = XCBuildConfiguration;
			buildSettings = {
				ALWAYS_SEARCH_USER_PATHS = NO;
				CLANG_ANALYZER_NONNULL = YES;
				CLANG_CXX_LANGUAGE_STANDARD = "gnu++0x";
				CLANG_CXX_LIBRARY = "libc++";
				CLANG_ENABLE_MODULES = YES;
				CLANG_ENABLE_OBJC_ARC = YES;
				CLANG_WARN_BOOL_CONVERSION = YES;
				CLANG_WARN_CONSTANT_CONVERSION = YES;
				CLANG_WARN_DIRECT_OBJC_ISA_USAGE = YES_ERROR;
				CLANG_WARN_DOCUMENTATION_COMMENTS = YES;
				CLANG_WARN_EMPTY_BODY = YES;
				CLANG_WARN_ENUM_CONVERSION = YES;
				CLANG_WARN_INFINITE_RECURSION = YES;
				CLANG_WARN_INT_CONVERSION = YES;
				CLANG_WARN_OBJC_ROOT_CLASS = YES_ERROR;
				CLANG_WARN_SUSPICIOUS_MOVE = YES;
				CLANG_WARN_UNREACHABLE_CODE = YES;
				CLANG_WARN__DUPLICATE_METHOD_MATCH = YES;
				"CODE_SIGN_IDENTITY[sdk=iphoneos*]" = "iPhone Developer";
				COPY_PHASE_STRIP = NO;
				DEBUG_INFORMATION_FORMAT = "dwarf-with-dsym";
				ENABLE_NS_ASSERTIONS = NO;
				ENABLE_STRICT_OBJC_MSGSEND = YES;
				GCC_C_LANGUAGE_STANDARD = gnu99;
				GCC_NO_COMMON_BLOCKS = YES;
				GCC_WARN_64_TO_32_BIT_CONVERSION = YES;
				GCC_WARN_ABOUT_RETURN_TYPE = YES_ERROR;
				GCC_WARN_UNDECLARED_SELECTOR = YES;
				GCC_WARN_UNINITIALIZED_AUTOS = YES_AGGRESSIVE;
				GCC_WARN_UNUSED_FUNCTION = YES;
				GCC_WARN_UNUSED_VARIABLE = YES;
				IPHONEOS_DEPLOYMENT_TARGET = 10.2;
				MTL_ENABLE_DEBUG_INFO = NO;
				SDKROOT = iphoneos;
				SWIFT_OPTIMIZATION_LEVEL = "-Owholemodule";
				TARGETED_DEVICE_FAMILY = "1,2";
				VALIDATE_PRODUCT = YES;
			};
			name = Release;
		};
		D60423641E640B1B00F1FA7F /* Debug */ = {
			isa = XCBuildConfiguration;
			baseConfigurationReference = 6DF4BE62C6B6B356F3283847 /* Pods-FbLogin.debug.xcconfig */;
			buildSettings = {
				ASSETCATALOG_COMPILER_APPICON_NAME = AppIcon;
				FRAMEWORK_SEARCH_PATHS = (
					"$(inherited)",
					"$(PROJECT_DIR)/FbLogin",
				);
				"FRAMEWORK_SEARCH_PATHS[arch=*]" = "/Users/rajatdhasmana/Documents/FacebookSDKs-iOS-4.19.0";
				INFOPLIST_FILE = FbLogin/Info.plist;
				LD_RUNPATH_SEARCH_PATHS = "$(inherited) @executable_path/Frameworks";
				PRODUCT_BUNDLE_IDENTIFIER = appinventiv.com.FbLogin;
				PRODUCT_NAME = "$(TARGET_NAME)";
				SWIFT_VERSION = 3.0;
			};
			name = Debug;
		};
		D60423651E640B1B00F1FA7F /* Release */ = {
			isa = XCBuildConfiguration;
			baseConfigurationReference = C27334728DB5B6397F793BA3 /* Pods-FbLogin.release.xcconfig */;
			buildSettings = {
				ASSETCATALOG_COMPILER_APPICON_NAME = AppIcon;
				FRAMEWORK_SEARCH_PATHS = (
					"$(inherited)",
					"$(PROJECT_DIR)/FbLogin",
				);
				INFOPLIST_FILE = FbLogin/Info.plist;
				LD_RUNPATH_SEARCH_PATHS = "$(inherited) @executable_path/Frameworks";
				PRODUCT_BUNDLE_IDENTIFIER = appinventiv.com.FbLogin;
				PRODUCT_NAME = "$(TARGET_NAME)";
				SWIFT_VERSION = 3.0;
			};
			name = Release;
		};
/* End XCBuildConfiguration section */

/* Begin XCConfigurationList section */
		D60423491E640B1B00F1FA7F /* Build configuration list for PBXProject "FbLogin" */ = {
			isa = XCConfigurationList;
			buildConfigurations = (
				D60423611E640B1B00F1FA7F /* Debug */,
				D60423621E640B1B00F1FA7F /* Release */,
			);
			defaultConfigurationIsVisible = 0;
			defaultConfigurationName = Release;
		};
		D60423631E640B1B00F1FA7F /* Build configuration list for PBXNativeTarget "FbLogin" */ = {
			isa = XCConfigurationList;
			buildConfigurations = (
				D60423641E640B1B00F1FA7F /* Debug */,
				D60423651E640B1B00F1FA7F /* Release */,
			);
			defaultConfigurationIsVisible = 0;
			defaultConfigurationName = Release;
		};
/* End XCConfigurationList section */

/* Begin XCVersionGroup section */
		D60423581E640B1B00F1FA7F /* FbLogin.xcdatamodeld */ = {
			isa = XCVersionGroup;
			children = (
				D60423591E640B1B00F1FA7F /* FbLogin.xcdatamodel */,
			);
			currentVersion = D60423591E640B1B00F1FA7F /* FbLogin.xcdatamodel */;
			path = FbLogin.xcdatamodeld;
			sourceTree = "<group>";
			versionGroupType = wrapper.xcdatamodel;
		};
/* End XCVersionGroup section */
	};
	rootObject = D60423461E640B1B00F1FA7F /* Project object */;
}
