// !$*UTF8*$!
{
	archiveVersion = 1;
	classes = {
	};
	objectVersion = 46;
	objects = {

/* Begin PBXBuildFile section */
		D659E9E51E60479300407AFD /* Person+CoreDataClass.swift in Sources */ = {isa = PBXBuildFile; fileRef = D659E9E31E60479300407AFD /* Person+CoreDataClass.swift */; };
		D659E9E61E60479300407AFD /* Person+CoreDataProperties.swift in Sources */ = {isa = PBXBuildFile; fileRef = D659E9E41E60479300407AFD /* Person+CoreDataProperties.swift */; };
		D6E18D441E601088002A127A /* AppDelegate.swift in Sources */ = {isa = PBXBuildFile; fileRef = D6E18D431E601088002A127A /* AppDelegate.swift */; };
		D6E18D461E601088002A127A /* FavouritesListVC.swift in Sources */ = {isa = PBXBuildFile; fileRef = D6E18D451E601088002A127A /* FavouritesListVC.swift */; };
		D6E18D491E601088002A127A /* Main.storyboard in Resources */ = {isa = PBXBuildFile; fileRef = D6E18D471E601088002A127A /* Main.storyboard */; };
		D6E18D4C1E601088002A127A /* CoreDataFirst.xcdatamodeld in Sources */ = {isa = PBXBuildFile; fileRef = D6E18D4A1E601088002A127A /* CoreDataFirst.xcdatamodeld */; };
		D6E18D4E1E601088002A127A /* Assets.xcassets in Resources */ = {isa = PBXBuildFile; fileRef = D6E18D4D1E601088002A127A /* Assets.xcassets */; };
		D6E18D511E601088002A127A /* LaunchScreen.storyboard in Resources */ = {isa = PBXBuildFile; fileRef = D6E18D4F1E601088002A127A /* LaunchScreen.storyboard */; };
/* End PBXBuildFile section */

/* Begin PBXFileReference section */
		D659E9E31E60479300407AFD /* Person+CoreDataClass.swift */ = {isa = PBXFileReference; fileEncoding = 4; lastKnownFileType = sourcecode.swift; name = "Person+CoreDataClass.swift"; path = "../Person+CoreDataClass.swift"; sourceTree = "<group>"; };
		D659E9E41E60479300407AFD /* Person+CoreDataProperties.swift */ = {isa = PBXFileReference; fileEncoding = 4; lastKnownFileType = sourcecode.swift; name = "Person+CoreDataProperties.swift"; path = "../Person+CoreDataProperties.swift"; sourceTree = "<group>"; };
		D6E18D401E601088002A127A /* CoreDataFirst.app */ = {isa = PBXFileReference; explicitFileType = wrapper.application; includeInIndex = 0; path = CoreDataFirst.app; sourceTree = BUILT_PRODUCTS_DIR; };
		D6E18D431E601088002A127A /* AppDelegate.swift */ = {isa = PBXFileReference; lastKnownFileType = sourcecode.swift; path = AppDelegate.swift; sourceTree = "<group>"; };
		D6E18D451E601088002A127A /* FavouritesListVC.swift */ = {isa = PBXFileReference; lastKnownFileType = sourcecode.swift; path = FavouritesListVC.swift; sourceTree = "<group>"; };
		D6E18D481E601088002A127A /* Base */ = {isa = PBXFileReference; lastKnownFileType = file.storyboard; name = Base; path = Base.lproj/Main.storyboard; sourceTree = "<group>"; };
		D6E18D4B1E601088002A127A /* CoreDataFirst.xcdatamodel */ = {isa = PBXFileReference; lastKnownFileType = wrapper.xcdatamodel; path = CoreDataFirst.xcdatamodel; sourceTree = "<group>"; };
		D6E18D4D1E601088002A127A /* Assets.xcassets */ = {isa = PBXFileReference; lastKnownFileType = folder.assetcatalog; path = Assets.xcassets; sourceTree = "<group>"; };
		D6E18D501E601088002A127A /* Base */ = {isa = PBXFileReference; lastKnownFileType = file.storyboard; name = Base; path = Base.lproj/LaunchScreen.storyboard; sourceTree = "<group>"; };
		D6E18D521E601088002A127A /* Info.plist */ = {isa = PBXFileReference; lastKnownFileType = text.plist.xml; path = Info.plist; sourceTree = "<group>"; };
/* End PBXFileReference section */

/* Begin PBXFrameworksBuildPhase section */
		D6E18D3D1E601088002A127A /* Frameworks */ = {
			isa = PBXFrameworksBuildPhase;
			buildActionMask = 2147483647;
			files = (
			);
			runOnlyForDeploymentPostprocessing = 0;
		};
/* End PBXFrameworksBuildPhase section */

/* Begin PBXGroup section */
		D6E18D371E601087002A127A = {
			isa = PBXGroup;
			children = (
				D6E18D421E601088002A127A /* CoreDataFirst */,
				D6E18D411E601088002A127A /* Products */,
			);
			sourceTree = "<group>";
		};
		D6E18D411E601088002A127A /* Products */ = {
			isa = PBXGroup;
			children = (
				D6E18D401E601088002A127A /* CoreDataFirst.app */,
			);
			name = Products;
			sourceTree = "<group>";
		};
		D6E18D421E601088002A127A /* CoreDataFirst */ = {
			isa = PBXGroup;
			children = (
				D659E9E31E60479300407AFD /* Person+CoreDataClass.swift */,
				D659E9E41E60479300407AFD /* Person+CoreDataProperties.swift */,
				D6E18D431E601088002A127A /* AppDelegate.swift */,
				D6E18D451E601088002A127A /* FavouritesListVC.swift */,
				D6E18D471E601088002A127A /* Main.storyboard */,
				D6E18D4D1E601088002A127A /* Assets.xcassets */,
				D6E18D4F1E601088002A127A /* LaunchScreen.storyboard */,
				D6E18D521E601088002A127A /* Info.plist */,
				D6E18D4A1E601088002A127A /* CoreDataFirst.xcdatamodeld */,
			);
			path = CoreDataFirst;
			sourceTree = "<group>";
		};
/* End PBXGroup section */

/* Begin PBXNativeTarget section */
		D6E18D3F1E601088002A127A /* CoreDataFirst */ = {
			isa = PBXNativeTarget;
			buildConfigurationList = D6E18D551E601088002A127A /* Build configuration list for PBXNativeTarget "CoreDataFirst" */;
			buildPhases = (
				D6E18D3C1E601088002A127A /* Sources */,
				D6E18D3D1E601088002A127A /* Frameworks */,
				D6E18D3E1E601088002A127A /* Resources */,
			);
			buildRules = (
			);
			dependencies = (
			);
			name = CoreDataFirst;
			productName = CoreDataFirst;
			productReference = D6E18D401E601088002A127A /* CoreDataFirst.app */;
			productType = "com.apple.product-type.application";
		};
/* End PBXNativeTarget section */

/* Begin PBXProject section */
		D6E18D381E601088002A127A /* Project object */ = {
			isa = PBXProject;
			attributes = {
				LastSwiftUpdateCheck = 0820;
				LastUpgradeCheck = 0820;
				ORGANIZATIONNAME = appinventiv;
				TargetAttributes = {
					D6E18D3F1E601088002A127A = {
						CreatedOnToolsVersion = 8.2.1;
						ProvisioningStyle = Automatic;
					};
				};
			};
			buildConfigurationList = D6E18D3B1E601088002A127A /* Build configuration list for PBXProject "CoreDataFirst" */;
			compatibilityVersion = "Xcode 3.2";
			developmentRegion = English;
			hasScannedForEncodings = 0;
			knownRegions = (
				en,
				Base,
			);
			mainGroup = D6E18D371E601087002A127A;
			productRefGroup = D6E18D411E601088002A127A /* Products */;
			projectDirPath = "";
			projectRoot = "";
			targets = (
				D6E18D3F1E601088002A127A /* CoreDataFirst */,
			);
		};
/* End PBXProject section */

/* Begin PBXResourcesBuildPhase section */
		D6E18D3E1E601088002A127A /* Resources */ = {
			isa = PBXResourcesBuildPhase;
			buildActionMask = 2147483647;
			files = (
				D6E18D511E601088002A127A /* LaunchScreen.storyboard in Resources */,
				D6E18D4E1E601088002A127A /* Assets.xcassets in Resources */,
				D6E18D491E601088002A127A /* Main.storyboard in Resources */,
			);
			runOnlyForDeploymentPostprocessing = 0;
		};
/* End PBXResourcesBuildPhase section */

/* Begin PBXSourcesBuildPhase section */
		D6E18D3C1E601088002A127A /* Sources */ = {
			isa = PBXSourcesBuildPhase;
			buildActionMask = 2147483647;
			files = (
				D659E9E51E60479300407AFD /* Person+CoreDataClass.swift in Sources */,
				D659E9E61E60479300407AFD /* Person+CoreDataProperties.swift in Sources */,
				D6E18D461E601088002A127A /* FavouritesListVC.swift in Sources */,
				D6E18D441E601088002A127A /* AppDelegate.swift in Sources */,
				D6E18D4C1E601088002A127A /* CoreDataFirst.xcdatamodeld in Sources */,
			);
			runOnlyForDeploymentPostprocessing = 0;
		};
/* End PBXSourcesBuildPhase section */

/* Begin PBXVariantGroup section */
		D6E18D471E601088002A127A /* Main.storyboard */ = {
			isa = PBXVariantGroup;
			children = (
				D6E18D481E601088002A127A /* Base */,
			);
			name = Main.storyboard;
			sourceTree = "<group>";
		};
		D6E18D4F1E601088002A127A /* LaunchScreen.storyboard */ = {
			isa = PBXVariantGroup;
			children = (
				D6E18D501E601088002A127A /* Base */,
			);
			name = LaunchScreen.storyboard;
			sourceTree = "<group>";
		};
/* End PBXVariantGroup section */

/* Begin XCBuildConfiguration section */
		D6E18D531E601088002A127A /* Debug */ = {
			isa = XCBuildConfiguration;
			buildSettings = {
				ALWAYS_SEARCH_USER_PATHS = NO;
				CLANG_ANALYZER_NONNULL = YES;
				CLANG_CXX_LANGUAGE_STANDARD = "gnu++0x";
				CLANG_CXX_LIBRARY = "libc++";
				CLANG_ENABLE_MODULES = YES;
				CLANG_ENABLE_OBJC_ARC = YES;
				CLANG_WARN_BOOL_CONVERSION = YES;
				CLANG_WARN_CONSTANT_CONVERSION = YES;
				CLANG_WARN_DIRECT_OBJC_ISA_USAGE = YES_ERROR;
				CLANG_WARN_DOCUMENTATION_COMMENTS = YES;
				CLANG_WARN_EMPTY_BODY = YES;
				CLANG_WARN_ENUM_CONVERSION = YES;
				CLANG_WARN_INFINITE_RECURSION = YES;
				CLANG_WARN_INT_CONVERSION = YES;
				CLANG_WARN_OBJC_ROOT_CLASS = YES_ERROR;
				CLANG_WARN_SUSPICIOUS_MOVE = YES;
				CLANG_WARN_UNREACHABLE_CODE = YES;
				CLANG_WARN__DUPLICATE_METHOD_MATCH = YES;
				"CODE_SIGN_IDENTITY[sdk=iphoneos*]" = "iPhone Developer";
				COPY_PHASE_STRIP = NO;
				DEBUG_INFORMATION_FORMAT = dwarf;
				ENABLE_STRICT_OBJC_MSGSEND = YES;
				ENABLE_TESTABILITY = YES;
				GCC_C_LANGUAGE_STANDARD = gnu99;
				GCC_DYNAMIC_NO_PIC = NO;
				GCC_NO_COMMON_BLOCKS = YES;
				GCC_OPTIMIZATION_LEVEL = 0;
				GCC_PREPROCESSOR_DEFINITIONS = (
					"DEBUG=1",
					"$(inherited)",
				);
				GCC_WARN_64_TO_32_BIT_CONVERSION = YES;
				GCC_WARN_ABOUT_RETURN_TYPE = YES_ERROR;
				GCC_WARN_UNDECLARED_SELECTOR = YES;
				GCC_WARN_UNINITIALIZED_AUTOS = YES_AGGRESSIVE;
				GCC_WARN_UNUSED_FUNCTION = YES;
				GCC_WARN_UNUSED_VARIABLE = YES;
				IPHONEOS_DEPLOYMENT_TARGET = 10.2;
				MTL_ENABLE_DEBUG_INFO = YES;
				ONLY_ACTIVE_ARCH = YES;
				SDKROOT = iphoneos;
				SWIFT_ACTIVE_COMPILATION_CONDITIONS = DEBUG;
				SWIFT_OPTIMIZATION_LEVEL = "-Onone";
				TARGETED_DEVICE_FAMILY = "1,2";
			};
			name = Debug;
		};
		D6E18D541E601088002A127A /* Release */ = {
			isa = XCBuildConfiguration;
			buildSettings = {
				ALWAYS_SEARCH_USER_PATHS = NO;
				CLANG_ANALYZER_NONNULL = YES;
				CLANG_CXX_LANGUAGE_STANDARD = "gnu++0x";
				CLANG_CXX_LIBRARY = "libc++";
				CLANG_ENABLE_MODULES = YES;
				CLANG_ENABLE_OBJC_ARC = YES;
				CLANG_WARN_BOOL_CONVERSION = YES;
				CLANG_WARN_CONSTANT_CONVERSION = YES;
				CLANG_WARN_DIRECT_OBJC_ISA_USAGE = YES_ERROR;
				CLANG_WARN_DOCUMENTATION_COMMENTS = YES;
				CLANG_WARN_EMPTY_BODY = YES;
				CLANG_WARN_ENUM_CONVERSION = YES;
				CLANG_WARN_INFINITE_RECURSION = YES;
				CLANG_WARN_INT_CONVERSION = YES;
				CLANG_WARN_OBJC_ROOT_CLASS = YES_ERROR;
				CLANG_WARN_SUSPICIOUS_MOVE = YES;
				CLANG_WARN_UNREACHABLE_CODE = YES;
				CLANG_WARN__DUPLICATE_METHOD_MATCH = YES;
				"CODE_SIGN_IDENTITY[sdk=iphoneos*]" = "iPhone Developer";
				COPY_PHASE_STRIP = NO;
				DEBUG_INFORMATION_FORMAT = "dwarf-with-dsym";
				ENABLE_NS_ASSERTIONS = NO;
				ENABLE_STRICT_OBJC_MSGSEND = YES;
				GCC_C_LANGUAGE_STANDARD = gnu99;
				GCC_NO_COMMON_BLOCKS = YES;
				GCC_WARN_64_TO_32_BIT_CONVERSION = YES;
				GCC_WARN_ABOUT_RETURN_TYPE = YES_ERROR;
				GCC_WARN_UNDECLARED_SELECTOR = YES;
				GCC_WARN_UNINITIALIZED_AUTOS = YES_AGGRESSIVE;
				GCC_WARN_UNUSED_FUNCTION = YES;
				GCC_WARN_UNUSED_VARIABLE = YES;
				IPHONEOS_DEPLOYMENT_TARGET = 10.2;
				MTL_ENABLE_DEBUG_INFO = NO;
				SDKROOT = iphoneos;
				SWIFT_OPTIMIZATION_LEVEL = "-Owholemodule";
				TARGETED_DEVICE_FAMILY = "1,2";
				VALIDATE_PRODUCT = YES;
			};
			name = Release;
		};
		D6E18D561E601088002A127A /* Debug */ = {
			isa = XCBuildConfiguration;
			buildSettings = {
				ASSETCATALOG_COMPILER_APPICON_NAME = AppIcon;
				INFOPLIST_FILE = CoreDataFirst/Info.plist;
				LD_RUNPATH_SEARCH_PATHS = "$(inherited) @executable_path/Frameworks";
				PRODUCT_BUNDLE_IDENTIFIER = appinventiv.com.CoreDataFirst;
				PRODUCT_NAME = "$(TARGET_NAME)";
				SWIFT_VERSION = 3.0;
			};
			name = Debug;
		};
		D6E18D571E601088002A127A /* Release */ = {
			isa = XCBuildConfiguration;
			buildSettings = {
				ASSETCATALOG_COMPILER_APPICON_NAME = AppIcon;
				INFOPLIST_FILE = CoreDataFirst/Info.plist;
				LD_RUNPATH_SEARCH_PATHS = "$(inherited) @executable_path/Frameworks";
				PRODUCT_BUNDLE_IDENTIFIER = appinventiv.com.CoreDataFirst;
				PRODUCT_NAME = "$(TARGET_NAME)";
				SWIFT_VERSION = 3.0;
			};
			name = Release;
		};
/* End XCBuildConfiguration section */

/* Begin XCConfigurationList section */
		D6E18D3B1E601088002A127A /* Build configuration list for PBXProject "CoreDataFirst" */ = {
			isa = XCConfigurationList;
			buildConfigurations = (
				D6E18D531E601088002A127A /* Debug */,
				D6E18D541E601088002A127A /* Release */,
			);
			defaultConfigurationIsVisible = 0;
			defaultConfigurationName = Release;
		};
		D6E18D551E601088002A127A /* Build configuration list for PBXNativeTarget "CoreDataFirst" */ = {
			isa = XCConfigurationList;
			buildConfigurations = (
				D6E18D561E601088002A127A /* Debug */,
				D6E18D571E601088002A127A /* Release */,
			);
			defaultConfigurationIsVisible = 0;
			defaultConfigurationName = Release;
		};
/* End XCConfigurationList section */

/* Begin XCVersionGroup section */
		D6E18D4A1E601088002A127A /* CoreDataFirst.xcdatamodeld */ = {
			isa = XCVersionGroup;
			children = (
				D6E18D4B1E601088002A127A /* CoreDataFirst.xcdatamodel */,
			);
			currentVersion = D6E18D4B1E601088002A127A /* CoreDataFirst.xcdatamodel */;
			path = CoreDataFirst.xcdatamodeld;
			sourceTree = "<group>";
			versionGroupType = wrapper.xcdatamodel;
		};
/* End XCVersionGroup section */
	};
	rootObject = D6E18D381E601088002A127A /* Project object */;
}
